// !$*UTF8*$!
{
	archiveVersion = 1;
	classes = {
	};
	objectVersion = 46;
	objects = {

/* Begin PBXBuildFile section */
		8650D02F1A449F2C0019019A /* ActionMenu.swift in Sources */ = {isa = PBXBuildFile; fileRef = 8650D02E1A449F2C0019019A /* ActionMenu.swift */; };
		8650D0381A44A68F0019019A /* TargetCircle_clear-0.png in Resources */ = {isa = PBXBuildFile; fileRef = 8650D0301A44A68F0019019A /* TargetCircle_clear-0.png */; };
		8650D0391A44A68F0019019A /* TargetCircle_clear-1.png in Resources */ = {isa = PBXBuildFile; fileRef = 8650D0311A44A68F0019019A /* TargetCircle_clear-1.png */; };
		8650D03A1A44A68F0019019A /* TargetCircle_clear-2.png in Resources */ = {isa = PBXBuildFile; fileRef = 8650D0321A44A68F0019019A /* TargetCircle_clear-2.png */; };
		8650D03B1A44A6900019019A /* TargetCircle_clear-3.png in Resources */ = {isa = PBXBuildFile; fileRef = 8650D0331A44A68F0019019A /* TargetCircle_clear-3.png */; };
		8650D03C1A44A6900019019A /* TargetCircle_clear-4.png in Resources */ = {isa = PBXBuildFile; fileRef = 8650D0341A44A68F0019019A /* TargetCircle_clear-4.png */; };
		8650D03D1A44A6900019019A /* TargetCircle_clear-5.png in Resources */ = {isa = PBXBuildFile; fileRef = 8650D0351A44A68F0019019A /* TargetCircle_clear-5.png */; };
		8650D03E1A44A6900019019A /* TargetCircle_clear-6.png in Resources */ = {isa = PBXBuildFile; fileRef = 8650D0361A44A68F0019019A /* TargetCircle_clear-6.png */; };
		8650D03F1A44A6900019019A /* TargetCircle_clear-7.png in Resources */ = {isa = PBXBuildFile; fileRef = 8650D0371A44A68F0019019A /* TargetCircle_clear-7.png */; };
		86738B661A41E47B00A68EF7 /* AppDelegate.swift in Sources */ = {isa = PBXBuildFile; fileRef = 86738B651A41E47B00A68EF7 /* AppDelegate.swift */; };
		86738B681A41E47B00A68EF7 /* ViewController.swift in Sources */ = {isa = PBXBuildFile; fileRef = 86738B671A41E47B00A68EF7 /* ViewController.swift */; };
		86738B6B1A41E47B00A68EF7 /* Main.storyboard in Resources */ = {isa = PBXBuildFile; fileRef = 86738B691A41E47B00A68EF7 /* Main.storyboard */; };
		86738B6D1A41E47B00A68EF7 /* Images.xcassets in Resources */ = {isa = PBXBuildFile; fileRef = 86738B6C1A41E47B00A68EF7 /* Images.xcassets */; };
		86738B701A41E47B00A68EF7 /* LaunchScreen.xib in Resources */ = {isa = PBXBuildFile; fileRef = 86738B6E1A41E47B00A68EF7 /* LaunchScreen.xib */; };
		86738B7C1A41E47B00A68EF7 /* ImageLayeringTests.swift in Sources */ = {isa = PBXBuildFile; fileRef = 86738B7B1A41E47B00A68EF7 /* ImageLayeringTests.swift */; };
		86738B871A41E59400A68EF7 /* target-puppy.jpg in Resources */ = {isa = PBXBuildFile; fileRef = 86738B851A41E59400A68EF7 /* target-puppy.jpg */; };
		86738B881A41E59400A68EF7 /* TargetCircle_clear.png in Resources */ = {isa = PBXBuildFile; fileRef = 86738B861A41E59400A68EF7 /* TargetCircle_clear.png */; };
		86738B8A1A41F28900A68EF7 /* 7994_LEGO_City_Harbor.jpg in Resources */ = {isa = PBXBuildFile; fileRef = 86738B891A41F28900A68EF7 /* 7994_LEGO_City_Harbor.jpg */; };
/* End PBXBuildFile section */

/* Begin PBXContainerItemProxy section */
		86738B761A41E47B00A68EF7 /* PBXContainerItemProxy */ = {
			isa = PBXContainerItemProxy;
			containerPortal = 86738B581A41E47B00A68EF7 /* Project object */;
			proxyType = 1;
			remoteGlobalIDString = 86738B5F1A41E47B00A68EF7;
			remoteInfo = ImageLayering;
		};
/* End PBXContainerItemProxy section */

/* Begin PBXFileReference section */
		8650D02E1A449F2C0019019A /* ActionMenu.swift */ = {isa = PBXFileReference; fileEncoding = 4; lastKnownFileType = sourcecode.swift; path = ActionMenu.swift; sourceTree = "<group>"; };
		8650D0301A44A68F0019019A /* TargetCircle_clear-0.png */ = {isa = PBXFileReference; lastKnownFileType = image.png; path = "TargetCircle_clear-0.png"; sourceTree = "<group>"; };
		8650D0311A44A68F0019019A /* TargetCircle_clear-1.png */ = {isa = PBXFileReference; lastKnownFileType = image.png; path = "TargetCircle_clear-1.png"; sourceTree = "<group>"; };
		8650D0321A44A68F0019019A /* TargetCircle_clear-2.png */ = {isa = PBXFileReference; lastKnownFileType = image.png; path = "TargetCircle_clear-2.png"; sourceTree = "<group>"; };
		8650D0331A44A68F0019019A /* TargetCircle_clear-3.png */ = {isa = PBXFileReference; lastKnownFileType = image.png; path = "TargetCircle_clear-3.png"; sourceTree = "<group>"; };
		8650D0341A44A68F0019019A /* TargetCircle_clear-4.png */ = {isa = PBXFileReference; lastKnownFileType = image.png; path = "TargetCircle_clear-4.png"; sourceTree = "<group>"; };
		8650D0351A44A68F0019019A /* TargetCircle_clear-5.png */ = {isa = PBXFileReference; lastKnownFileType = image.png; path = "TargetCircle_clear-5.png"; sourceTree = "<group>"; };
		8650D0361A44A68F0019019A /* TargetCircle_clear-6.png */ = {isa = PBXFileReference; lastKnownFileType = image.png; path = "TargetCircle_clear-6.png"; sourceTree = "<group>"; };
		8650D0371A44A68F0019019A /* TargetCircle_clear-7.png */ = {isa = PBXFileReference; lastKnownFileType = image.png; path = "TargetCircle_clear-7.png"; sourceTree = "<group>"; };
		86738B601A41E47B00A68EF7 /* ImageLayering.app */ = {isa = PBXFileReference; explicitFileType = wrapper.application; includeInIndex = 0; path = ImageLayering.app; sourceTree = BUILT_PRODUCTS_DIR; };
		86738B641A41E47B00A68EF7 /* Info.plist */ = {isa = PBXFileReference; lastKnownFileType = text.plist.xml; path = Info.plist; sourceTree = "<group>"; };
		86738B651A41E47B00A68EF7 /* AppDelegate.swift */ = {isa = PBXFileReference; lastKnownFileType = sourcecode.swift; path = AppDelegate.swift; sourceTree = "<group>"; };
		86738B671A41E47B00A68EF7 /* ViewController.swift */ = {isa = PBXFileReference; lastKnownFileType = sourcecode.swift; path = ViewController.swift; sourceTree = "<group>"; };
		86738B6A1A41E47B00A68EF7 /* Base */ = {isa = PBXFileReference; lastKnownFileType = file.storyboard; name = Base; path = Base.lproj/Main.storyboard; sourceTree = "<group>"; };
		86738B6C1A41E47B00A68EF7 /* Images.xcassets */ = {isa = PBXFileReference; lastKnownFileType = folder.assetcatalog; path = Images.xcassets; sourceTree = "<group>"; };
		86738B6F1A41E47B00A68EF7 /* Base */ = {isa = PBXFileReference; lastKnownFileType = file.xib; name = Base; path = Base.lproj/LaunchScreen.xib; sourceTree = "<group>"; };
		86738B751A41E47B00A68EF7 /* ImageLayeringTests.xctest */ = {isa = PBXFileReference; explicitFileType = wrapper.cfbundle; includeInIndex = 0; path = ImageLayeringTests.xctest; sourceTree = BUILT_PRODUCTS_DIR; };
		86738B7A1A41E47B00A68EF7 /* Info.plist */ = {isa = PBXFileReference; lastKnownFileType = text.plist.xml; path = Info.plist; sourceTree = "<group>"; };
		86738B7B1A41E47B00A68EF7 /* ImageLayeringTests.swift */ = {isa = PBXFileReference; lastKnownFileType = sourcecode.swift; path = ImageLayeringTests.swift; sourceTree = "<group>"; };
		86738B851A41E59400A68EF7 /* target-puppy.jpg */ = {isa = PBXFileReference; lastKnownFileType = image.jpeg; path = "target-puppy.jpg"; sourceTree = "<group>"; };
		86738B861A41E59400A68EF7 /* TargetCircle_clear.png */ = {isa = PBXFileReference; lastKnownFileType = image.png; path = TargetCircle_clear.png; sourceTree = "<group>"; };
		86738B891A41F28900A68EF7 /* 7994_LEGO_City_Harbor.jpg */ = {isa = PBXFileReference; lastKnownFileType = image.jpeg; path = 7994_LEGO_City_Harbor.jpg; sourceTree = "<group>"; };
/* End PBXFileReference section */

/* Begin PBXFrameworksBuildPhase section */
		86738B5D1A41E47B00A68EF7 /* Frameworks */ = {
			isa = PBXFrameworksBuildPhase;
			buildActionMask = 2147483647;
			files = (
			);
			runOnlyForDeploymentPostprocessing = 0;
		};
		86738B721A41E47B00A68EF7 /* Frameworks */ = {
			isa = PBXFrameworksBuildPhase;
			buildActionMask = 2147483647;
			files = (
			);
			runOnlyForDeploymentPostprocessing = 0;
		};
/* End PBXFrameworksBuildPhase section */

/* Begin PBXGroup section */
		86738B571A41E47B00A68EF7 = {
			isa = PBXGroup;
			children = (
				86738B621A41E47B00A68EF7 /* ImageLayering */,
				86738B781A41E47B00A68EF7 /* ImageLayeringTests */,
				86738B611A41E47B00A68EF7 /* Products */,
			);
			sourceTree = "<group>";
		};
		86738B611A41E47B00A68EF7 /* Products */ = {
			isa = PBXGroup;
			children = (
				86738B601A41E47B00A68EF7 /* ImageLayering.app */,
				86738B751A41E47B00A68EF7 /* ImageLayeringTests.xctest */,
			);
			name = Products;
			sourceTree = "<group>";
		};
		86738B621A41E47B00A68EF7 /* ImageLayering */ = {
			isa = PBXGroup;
			children = (
				8650D0301A44A68F0019019A /* TargetCircle_clear-0.png */,
				8650D0311A44A68F0019019A /* TargetCircle_clear-1.png */,
				8650D0321A44A68F0019019A /* TargetCircle_clear-2.png */,
				8650D0331A44A68F0019019A /* TargetCircle_clear-3.png */,
				8650D0341A44A68F0019019A /* TargetCircle_clear-4.png */,
				8650D0351A44A68F0019019A /* TargetCircle_clear-5.png */,
				8650D0361A44A68F0019019A /* TargetCircle_clear-6.png */,
				8650D0371A44A68F0019019A /* TargetCircle_clear-7.png */,
				86738B891A41F28900A68EF7 /* 7994_LEGO_City_Harbor.jpg */,
				86738B851A41E59400A68EF7 /* target-puppy.jpg */,
				86738B861A41E59400A68EF7 /* TargetCircle_clear.png */,
				86738B651A41E47B00A68EF7 /* AppDelegate.swift */,
				86738B671A41E47B00A68EF7 /* ViewController.swift */,
				86738B691A41E47B00A68EF7 /* Main.storyboard */,
				86738B6C1A41E47B00A68EF7 /* Images.xcassets */,
				86738B6E1A41E47B00A68EF7 /* LaunchScreen.xib */,
				86738B631A41E47B00A68EF7 /* Supporting Files */,
				8650D02E1A449F2C0019019A /* ActionMenu.swift */,
			);
			path = ImageLayering;
			sourceTree = "<group>";
		};
		86738B631A41E47B00A68EF7 /* Supporting Files */ = {
			isa = PBXGroup;
			children = (
				86738B641A41E47B00A68EF7 /* Info.plist */,
			);
			name = "Supporting Files";
			sourceTree = "<group>";
		};
		86738B781A41E47B00A68EF7 /* ImageLayeringTests */ = {
			isa = PBXGroup;
			children = (
				86738B7B1A41E47B00A68EF7 /* ImageLayeringTests.swift */,
				86738B791A41E47B00A68EF7 /* Supporting Files */,
			);
			path = ImageLayeringTests;
			sourceTree = "<group>";
		};
		86738B791A41E47B00A68EF7 /* Supporting Files */ = {
			isa = PBXGroup;
			children = (
				86738B7A1A41E47B00A68EF7 /* Info.plist */,
			);
			name = "Supporting Files";
			sourceTree = "<group>";
		};
/* End PBXGroup section */

/* Begin PBXNativeTarget section */
		86738B5F1A41E47B00A68EF7 /* ImageLayering */ = {
			isa = PBXNativeTarget;
			buildConfigurationList = 86738B7F1A41E47B00A68EF7 /* Build configuration list for PBXNativeTarget "ImageLayering" */;
			buildPhases = (
				86738B5C1A41E47B00A68EF7 /* Sources */,
				86738B5D1A41E47B00A68EF7 /* Frameworks */,
				86738B5E1A41E47B00A68EF7 /* Resources */,
			);
			buildRules = (
			);
			dependencies = (
			);
			name = ImageLayering;
			productName = ImageLayering;
			productReference = 86738B601A41E47B00A68EF7 /* ImageLayering.app */;
			productType = "com.apple.product-type.application";
		};
		86738B741A41E47B00A68EF7 /* ImageLayeringTests */ = {
			isa = PBXNativeTarget;
			buildConfigurationList = 86738B821A41E47B00A68EF7 /* Build configuration list for PBXNativeTarget "ImageLayeringTests" */;
			buildPhases = (
				86738B711A41E47B00A68EF7 /* Sources */,
				86738B721A41E47B00A68EF7 /* Frameworks */,
				86738B731A41E47B00A68EF7 /* Resources */,
			);
			buildRules = (
			);
			dependencies = (
				86738B771A41E47B00A68EF7 /* PBXTargetDependency */,
			);
			name = ImageLayeringTests;
			productName = ImageLayeringTests;
			productReference = 86738B751A41E47B00A68EF7 /* ImageLayeringTests.xctest */;
			productType = "com.apple.product-type.bundle.unit-test";
		};
/* End PBXNativeTarget section */

/* Begin PBXProject section */
		86738B581A41E47B00A68EF7 /* Project object */ = {
			isa = PBXProject;
			attributes = {
				LastUpgradeCheck = 0610;
				ORGANIZATIONNAME = com.target.internal;
				TargetAttributes = {
					86738B5F1A41E47B00A68EF7 = {
						CreatedOnToolsVersion = 6.1.1;
					};
					86738B741A41E47B00A68EF7 = {
						CreatedOnToolsVersion = 6.1.1;
						TestTargetID = 86738B5F1A41E47B00A68EF7;
					};
				};
			};
			buildConfigurationList = 86738B5B1A41E47B00A68EF7 /* Build configuration list for PBXProject "ImageLayering" */;
			compatibilityVersion = "Xcode 3.2";
			developmentRegion = English;
			hasScannedForEncodings = 0;
			knownRegions = (
				en,
				Base,
			);
			mainGroup = 86738B571A41E47B00A68EF7;
			productRefGroup = 86738B611A41E47B00A68EF7 /* Products */;
			projectDirPath = "";
			projectRoot = "";
			targets = (
				86738B5F1A41E47B00A68EF7 /* ImageLayering */,
				86738B741A41E47B00A68EF7 /* ImageLayeringTests */,
			);
		};
/* End PBXProject section */

/* Begin PBXResourcesBuildPhase section */
		86738B5E1A41E47B00A68EF7 /* Resources */ = {
			isa = PBXResourcesBuildPhase;
			buildActionMask = 2147483647;
			files = (
				8650D03D1A44A6900019019A /* TargetCircle_clear-5.png in Resources */,
				8650D03A1A44A68F0019019A /* TargetCircle_clear-2.png in Resources */,
				8650D0391A44A68F0019019A /* TargetCircle_clear-1.png in Resources */,
				86738B6B1A41E47B00A68EF7 /* Main.storyboard in Resources */,
				86738B871A41E59400A68EF7 /* target-puppy.jpg in Resources */,
				86738B701A41E47B00A68EF7 /* LaunchScreen.xib in Resources */,
				8650D03F1A44A6900019019A /* TargetCircle_clear-7.png in Resources */,
				86738B6D1A41E47B00A68EF7 /* Images.xcassets in Resources */,
				8650D03B1A44A6900019019A /* TargetCircle_clear-3.png in Resources */,
				86738B8A1A41F28900A68EF7 /* 7994_LEGO_City_Harbor.jpg in Resources */,
				86738B881A41E59400A68EF7 /* TargetCircle_clear.png in Resources */,
				8650D0381A44A68F0019019A /* TargetCircle_clear-0.png in Resources */,
				8650D03C1A44A6900019019A /* TargetCircle_clear-4.png in Resources */,
				8650D03E1A44A6900019019A /* TargetCircle_clear-6.png in Resources */,
			);
			runOnlyForDeploymentPostprocessing = 0;
		};
		86738B731A41E47B00A68EF7 /* Resources */ = {
			isa = PBXResourcesBuildPhase;
			buildActionMask = 2147483647;
			files = (
			);
			runOnlyForDeploymentPostprocessing = 0;
		};
/* End PBXResourcesBuildPhase section */

/* Begin PBXSourcesBuildPhase section */
		86738B5C1A41E47B00A68EF7 /* Sources */ = {
			isa = PBXSourcesBuildPhase;
			buildActionMask = 2147483647;
			files = (
				8650D02F1A449F2C0019019A /* ActionMenu.swift in Sources */,
				86738B681A41E47B00A68EF7 /* ViewController.swift in Sources */,
				86738B661A41E47B00A68EF7 /* AppDelegate.swift in Sources */,
			);
			runOnlyForDeploymentPostprocessing = 0;
		};
		86738B711A41E47B00A68EF7 /* Sources */ = {
			isa = PBXSourcesBuildPhase;
			buildActionMask = 2147483647;
			files = (
				86738B7C1A41E47B00A68EF7 /* ImageLayeringTests.swift in Sources */,
			);
			runOnlyForDeploymentPostprocessing = 0;
		};
/* End PBXSourcesBuildPhase section */

/* Begin PBXTargetDependency section */
		86738B771A41E47B00A68EF7 /* PBXTargetDependency */ = {
			isa = PBXTargetDependency;
			target = 86738B5F1A41E47B00A68EF7 /* ImageLayering */;
			targetProxy = 86738B761A41E47B00A68EF7 /* PBXContainerItemProxy */;
		};
/* End PBXTargetDependency section */

/* Begin PBXVariantGroup section */
		86738B691A41E47B00A68EF7 /* Main.storyboard */ = {
			isa = PBXVariantGroup;
			children = (
				86738B6A1A41E47B00A68EF7 /* Base */,
			);
			name = Main.storyboard;
			sourceTree = "<group>";
		};
		86738B6E1A41E47B00A68EF7 /* LaunchScreen.xib */ = {
			isa = PBXVariantGroup;
			children = (
				86738B6F1A41E47B00A68EF7 /* Base */,
			);
			name = LaunchScreen.xib;
			sourceTree = "<group>";
		};
/* End PBXVariantGroup section */

/* Begin XCBuildConfiguration section */
		86738B7D1A41E47B00A68EF7 /* Debug */ = {
			isa = XCBuildConfiguration;
			buildSettings = {
				ALWAYS_SEARCH_USER_PATHS = NO;
				CLANG_CXX_LANGUAGE_STANDARD = "gnu++0x";
				CLANG_CXX_LIBRARY = "libc++";
				CLANG_ENABLE_MODULES = YES;
				CLANG_ENABLE_OBJC_ARC = YES;
				CLANG_WARN_BOOL_CONVERSION = YES;
				CLANG_WARN_CONSTANT_CONVERSION = YES;
				CLANG_WARN_DIRECT_OBJC_ISA_USAGE = YES_ERROR;
				CLANG_WARN_EMPTY_BODY = YES;
				CLANG_WARN_ENUM_CONVERSION = YES;
				CLANG_WARN_INT_CONVERSION = YES;
				CLANG_WARN_OBJC_ROOT_CLASS = YES_ERROR;
				CLANG_WARN_UNREACHABLE_CODE = YES;
				CLANG_WARN__DUPLICATE_METHOD_MATCH = YES;
				"CODE_SIGN_IDENTITY[sdk=iphoneos*]" = "iPhone Developer";
				COPY_PHASE_STRIP = NO;
				ENABLE_STRICT_OBJC_MSGSEND = YES;
				GCC_C_LANGUAGE_STANDARD = gnu99;
				GCC_DYNAMIC_NO_PIC = NO;
				GCC_OPTIMIZATION_LEVEL = 0;
				GCC_PREPROCESSOR_DEFINITIONS = (
					"DEBUG=1",
					"$(inherited)",
				);
				GCC_SYMBOLS_PRIVATE_EXTERN = NO;
				GCC_WARN_64_TO_32_BIT_CONVERSION = YES;
				GCC_WARN_ABOUT_RETURN_TYPE = YES_ERROR;
				GCC_WARN_UNDECLARED_SELECTOR = YES;
				GCC_WARN_UNINITIALIZED_AUTOS = YES_AGGRESSIVE;
				GCC_WARN_UNUSED_FUNCTION = YES;
				GCC_WARN_UNUSED_VARIABLE = YES;
				IPHONEOS_DEPLOYMENT_TARGET = 8.1;
				MTL_ENABLE_DEBUG_INFO = YES;
				ONLY_ACTIVE_ARCH = YES;
				SDKROOT = iphoneos;
				SWIFT_OPTIMIZATION_LEVEL = "-Onone";
				TARGETED_DEVICE_FAMILY = "1,2";
			};
			name = Debug;
		};
		86738B7E1A41E47B00A68EF7 /* Release */ = {
			isa = XCBuildConfiguration;
			buildSettings = {
				ALWAYS_SEARCH_USER_PATHS = NO;
				CLANG_CXX_LANGUAGE_STANDARD = "gnu++0x";
				CLANG_CXX_LIBRARY = "libc++";
				CLANG_ENABLE_MODULES = YES;
				CLANG_ENABLE_OBJC_ARC = YES;
				CLANG_WARN_BOOL_CONVERSION = YES;
				CLANG_WARN_CONSTANT_CONVERSION = YES;
				CLANG_WARN_DIRECT_OBJC_ISA_USAGE = YES_ERROR;
				CLANG_WARN_EMPTY_BODY = YES;
				CLANG_WARN_ENUM_CONVERSION = YES;
				CLANG_WARN_INT_CONVERSION = YES;
				CLANG_WARN_OBJC_ROOT_CLASS = YES_ERROR;
				CLANG_WARN_UNREACHABLE_CODE = YES;
				CLANG_WARN__DUPLICATE_METHOD_MATCH = YES;
				"CODE_SIGN_IDENTITY[sdk=iphoneos*]" = "iPhone Developer";
				COPY_PHASE_STRIP = YES;
				ENABLE_NS_ASSERTIONS = NO;
				ENABLE_STRICT_OBJC_MSGSEND = YES;
				GCC_C_LANGUAGE_STANDARD = gnu99;
				GCC_WARN_64_TO_32_BIT_CONVERSION = YES;
				GCC_WARN_ABOUT_RETURN_TYPE = YES_ERROR;
				GCC_WARN_UNDECLARED_SELECTOR = YES;
				GCC_WARN_UNINITIALIZED_AUTOS = YES_AGGRESSIVE;
				GCC_WARN_UNUSED_FUNCTION = YES;
				GCC_WARN_UNUSED_VARIABLE = YES;
				IPHONEOS_DEPLOYMENT_TARGET = 8.1;
				MTL_ENABLE_DEBUG_INFO = NO;
				SDKROOT = iphoneos;
				TARGETED_DEVICE_FAMILY = "1,2";
				VALIDATE_PRODUCT = YES;
			};
			name = Release;
		};
		86738B801A41E47B00A68EF7 /* Debug */ = {
			isa = XCBuildConfiguration;
			buildSettings = {
				ASSETCATALOG_COMPILER_APPICON_NAME = AppIcon;
				INFOPLIST_FILE = ImageLayering/Info.plist;
				LD_RUNPATH_SEARCH_PATHS = "$(inherited) @executable_path/Frameworks";
				PRODUCT_NAME = "$(TARGET_NAME)";
			};
			name = Debug;
		};
		86738B811A41E47B00A68EF7 /* Release */ = {
			isa = XCBuildConfiguration;
			buildSettings = {
				ASSETCATALOG_COMPILER_APPICON_NAME = AppIcon;
				INFOPLIST_FILE = ImageLayering/Info.plist;
				LD_RUNPATH_SEARCH_PATHS = "$(inherited) @executable_path/Frameworks";
				PRODUCT_NAME = "$(TARGET_NAME)";
			};
			name = Release;
		};
		86738B831A41E47B00A68EF7 /* Debug */ = {
			isa = XCBuildConfiguration;
			buildSettings = {
				BUNDLE_LOADER = "$(TEST_HOST)";
				FRAMEWORK_SEARCH_PATHS = (
					"$(SDKROOT)/Developer/Library/Frameworks",
					"$(inherited)",
				);
				GCC_PREPROCESSOR_DEFINITIONS = (
					"DEBUG=1",
					"$(inherited)",
				);
				INFOPLIST_FILE = ImageLayeringTests/Info.plist;
				LD_RUNPATH_SEARCH_PATHS = "$(inherited) @executable_path/Frameworks @loader_path/Frameworks";
				PRODUCT_NAME = "$(TARGET_NAME)";
				TEST_HOST = "$(BUILT_PRODUCTS_DIR)/ImageLayering.app/ImageLayering";
			};
			name = Debug;
		};
		86738B841A41E47B00A68EF7 /* Release */ = {
			isa = XCBuildConfiguration;
			buildSettings = {
				BUNDLE_LOADER = "$(TEST_HOST)";
				FRAMEWORK_SEARCH_PATHS = (
					"$(SDKROOT)/Developer/Library/Frameworks",
					"$(inherited)",
				);
				INFOPLIST_FILE = ImageLayeringTests/Info.plist;
				LD_RUNPATH_SEARCH_PATHS = "$(inherited) @executable_path/Frameworks @loader_path/Frameworks";
				PRODUCT_NAME = "$(TARGET_NAME)";
				TEST_HOST = "$(BUILT_PRODUCTS_DIR)/ImageLayering.app/ImageLayering";
			};
			name = Release;
		};
/* End XCBuildConfiguration section */

/* Begin XCConfigurationList section */
		86738B5B1A41E47B00A68EF7 /* Build configuration list for PBXProject "ImageLayering" */ = {
			isa = XCConfigurationList;
			buildConfigurations = (
				86738B7D1A41E47B00A68EF7 /* Debug */,
				86738B7E1A41E47B00A68EF7 /* Release */,
			);
			defaultConfigurationIsVisible = 0;
			defaultConfigurationName = Release;
		};
		86738B7F1A41E47B00A68EF7 /* Build configuration list for PBXNativeTarget "ImageLayering" */ = {
			isa = XCConfigurationList;
			buildConfigurations = (
				86738B801A41E47B00A68EF7 /* Debug */,
				86738B811A41E47B00A68EF7 /* Release */,
			);
			defaultConfigurationIsVisible = 0;
			defaultConfigurationName = Release;
		};
		86738B821A41E47B00A68EF7 /* Build configuration list for PBXNativeTarget "ImageLayeringTests" */ = {
			isa = XCConfigurationList;
			buildConfigurations = (
				86738B831A41E47B00A68EF7 /* Debug */,
				86738B841A41E47B00A68EF7 /* Release */,
			);
			defaultConfigurationIsVisible = 0;
			defaultConfigurationName = Release;
		};
/* End XCConfigurationList section */
	};
	rootObject = 86738B581A41E47B00A68EF7 /* Project object */;
}
